
Microsoft Visual Studio Solution File, Format Version 12.00
# Visual Studio Version 17
VisualStudioVersion = 17.14.36717.8 d17.14
MinimumVisualStudioVersion = 10.0.40219.1
Project("{FAE04EC0-301F-11D3-BF4B-00C04F79EFBC}") = "Testing Mid", "Testing Mid.csproj", "{83126CFC-9568-48A7-A14F-606F54534DF3}"
EndProject
Global
	GlobalSection(SolutionConfigurationPlatforms) = preSolution
		Debug|Any CPU = Debug|Any CPU
		Release|Any CPU = Release|Any CPU
	EndGlobalSection
	GlobalSection(ProjectConfigurationPlatforms) = postSolution
		{83126CFC-9568-48A7-A14F-606F54534DF3}.Debug|Any CPU.ActiveCfg = Debug|Any CPU
		{83126CFC-9568-48A7-A14F-606F54534DF3}.Debug|Any CPU.Build.0 = Debug|Any CPU
		{83126CFC-9568-48A7-A14F-606F54534DF3}.Release|Any CPU.ActiveCfg = Release|Any CPU
		{83126CFC-9568-48A7-A14F-606F54534DF3}.Release|Any CPU.Build.0 = Release|Any CPU
	EndGlobalSection
	GlobalSection(SolutionProperties) = preSolution
		HideSolutionNode = FALSE
	EndGlobalSection
	GlobalSection(ExtensibilityGlobals) = postSolution
		SolutionGuid = {7BBC545B-7362-42CB-AB0A-28F859F83477}
	EndGlobalSection
EndGlobal
